// !$*UTF8*$!
{
	archiveVersion = 1;
	classes = {
	};
	objectVersion = 50;
	objects = {

/* Begin PBXBuildFile section */
		55AD7A9C2339C5F200093D26 /* main.cpp in Sources */ = {isa = PBXBuildFile; fileRef = 55AD7A9B2339C5F200093D26 /* main.cpp */; };
		55AD7AA72339C79500093D26 /* OpenGL.framework in Frameworks */ = {isa = PBXBuildFile; fileRef = 55AD7AA62339C79500093D26 /* OpenGL.framework */; };
		8C3502782373F42D006B85A7 /* libGLEW.2.1.0.dylib in Frameworks */ = {isa = PBXBuildFile; fileRef = 8C3502752373F39E006B85A7 /* libGLEW.2.1.0.dylib */; };
		8C35027A2373F442006B85A7 /* libglfw.3.3.dylib in Frameworks */ = {isa = PBXBuildFile; fileRef = 8C3502792373F442006B85A7 /* libglfw.3.3.dylib */; };
		8C3502F62378043A006B85A7 /* image_helper.c in Sources */ = {isa = PBXBuildFile; fileRef = 8C3502E12378043A006B85A7 /* image_helper.c */; };
		8C3502F72378043A006B85A7 /* image_DXT.c in Sources */ = {isa = PBXBuildFile; fileRef = 8C3502E42378043A006B85A7 /* image_DXT.c */; };
		8C3502F82378043A006B85A7 /* SOIL2.c in Sources */ = {isa = PBXBuildFile; fileRef = 8C3502E72378043A006B85A7 /* SOIL2.c */; };
		8C3502F92378043A006B85A7 /* etc1_utils.c in Sources */ = {isa = PBXBuildFile; fileRef = 8C3502F12378043A006B85A7 /* etc1_utils.c */; };
		8C3502FB2378046F006B85A7 /* res in CopyFiles */ = {isa = PBXBuildFile; fileRef = 8C3502DE237803E3006B85A7 /* res */; };
/* End PBXBuildFile section */

/* Begin PBXCopyFilesBuildPhase section */
		8C3502812376AB82006B85A7 /* CopyFiles */ = {
			isa = PBXCopyFilesBuildPhase;
			buildActionMask = 2147483647;
			dstPath = "";
			dstSubfolderSpec = 7;
			files = (
			);
			runOnlyForDeploymentPostprocessing = 0;
		};
		8C3502FA23780464006B85A7 /* CopyFiles */ = {
			isa = PBXCopyFilesBuildPhase;
			buildActionMask = 2147483647;
			dstPath = "";
			dstSubfolderSpec = 7;
			files = (
				8C3502FB2378046F006B85A7 /* res in CopyFiles */,
			);
			runOnlyForDeploymentPostprocessing = 0;
		};
/* End PBXCopyFilesBuildPhase section */

/* Begin PBXFileReference section */
		5556A19F237A4D7C00ECC0BE /* Light.h */ = {isa = PBXFileReference; fileEncoding = 4; lastKnownFileType = sourcecode.c.h; path = Light.h; sourceTree = "<group>"; };
		5556A1A0237A55AA00ECC0BE /* Mesh.h */ = {isa = PBXFileReference; fileEncoding = 4; lastKnownFileType = sourcecode.c.h; name = Mesh.h; path = ../../../lvbei/2019924/Mesh.h; sourceTree = "<group>"; };
		55AD7A982339C5F200093D26 /* 2019924 */ = {isa = PBXFileReference; explicitFileType = "compiled.mach-o.executable"; includeInIndex = 0; path = 2019924; sourceTree = BUILT_PRODUCTS_DIR; };
		55AD7A9B2339C5F200093D26 /* main.cpp */ = {isa = PBXFileReference; lastKnownFileType = sourcecode.cpp.cpp; path = main.cpp; sourceTree = "<group>"; };
		55AD7AA62339C79500093D26 /* OpenGL.framework */ = {isa = PBXFileReference; lastKnownFileType = wrapper.framework; name = OpenGL.framework; path = System/Library/Frameworks/OpenGL.framework; sourceTree = SDKROOT; };
		55AD7AA82339C7A500093D26 /* libglfw.3.3.dylib */ = {isa = PBXFileReference; lastKnownFileType = "compiled.mach-o.dylib"; name = libglfw.3.3.dylib; path = ../../../usr/local/Cellar/glfw/3.3/lib/libglfw.3.3.dylib; sourceTree = "<group>"; };
		55AD7AAA2339C7B500093D26 /* libGLEW.2.1.0.dylib */ = {isa = PBXFileReference; lastKnownFileType = "compiled.mach-o.dylib"; name = libGLEW.2.1.0.dylib; path = ../../../usr/local/Cellar/glew/2.1.0/lib/libGLEW.2.1.0.dylib; sourceTree = "<group>"; };
		8C3502732373F373006B85A7 /* Cellar */ = {isa = PBXFileReference; lastKnownFileType = folder; name = Cellar; path = ../../../../../usr/local/Cellar; sourceTree = "<group>"; };
		8C3502752373F39E006B85A7 /* libGLEW.2.1.0.dylib */ = {isa = PBXFileReference; lastKnownFileType = "compiled.mach-o.dylib"; name = libGLEW.2.1.0.dylib; path = ../../../../../usr/local/Cellar/glew/2.1.0/lib/libGLEW.2.1.0.dylib; sourceTree = "<group>"; };
		8C3502792373F442006B85A7 /* libglfw.3.3.dylib */ = {isa = PBXFileReference; lastKnownFileType = "compiled.mach-o.dylib"; name = libglfw.3.3.dylib; path = ../../../../../usr/local/Cellar/glfw/3.3/lib/libglfw.3.3.dylib; sourceTree = "<group>"; };
		8C3502DE237803E3006B85A7 /* res */ = {isa = PBXFileReference; lastKnownFileType = folder; path = res; sourceTree = "<group>"; };
		8C3502DF23780421006B85A7 /* Shader.h */ = {isa = PBXFileReference; fileEncoding = 4; lastKnownFileType = sourcecode.c.h; path = Shader.h; sourceTree = "<group>"; };
		8C3502E12378043A006B85A7 /* image_helper.c */ = {isa = PBXFileReference; fileEncoding = 4; lastKnownFileType = sourcecode.c.c; path = image_helper.c; sourceTree = "<group>"; };
		8C3502E22378043A006B85A7 /* stbi_pkm.h */ = {isa = PBXFileReference; fileEncoding = 4; lastKnownFileType = sourcecode.c.h; path = stbi_pkm.h; sourceTree = "<group>"; };
		8C3502E32378043A006B85A7 /* jo_jpeg.h */ = {isa = PBXFileReference; fileEncoding = 4; lastKnownFileType = sourcecode.c.h; path = jo_jpeg.h; sourceTree = "<group>"; };
		8C3502E42378043A006B85A7 /* image_DXT.c */ = {isa = PBXFileReference; fileEncoding = 4; lastKnownFileType = sourcecode.c.c; path = image_DXT.c; sourceTree = "<group>"; };
		8C3502E52378043A006B85A7 /* etc1_utils.h */ = {isa = PBXFileReference; fileEncoding = 4; lastKnownFileType = sourcecode.c.h; path = etc1_utils.h; sourceTree = "<group>"; };
		8C3502E62378043A006B85A7 /* stb_image_write.h */ = {isa = PBXFileReference; fileEncoding = 4; lastKnownFileType = sourcecode.c.h; path = stb_image_write.h; sourceTree = "<group>"; };
		8C3502E72378043A006B85A7 /* SOIL2.c */ = {isa = PBXFileReference; fileEncoding = 4; lastKnownFileType = sourcecode.c.c; path = SOIL2.c; sourceTree = "<group>"; };
		8C3502E82378043A006B85A7 /* pkm_helper.h */ = {isa = PBXFileReference; fileEncoding = 4; lastKnownFileType = sourcecode.c.h; path = pkm_helper.h; sourceTree = "<group>"; };
		8C3502E92378043A006B85A7 /* stbi_DDS_c.h */ = {isa = PBXFileReference; fileEncoding = 4; lastKnownFileType = sourcecode.c.h; path = stbi_DDS_c.h; sourceTree = "<group>"; };
		8C3502EA2378043A006B85A7 /* stbi_pvr.h */ = {isa = PBXFileReference; fileEncoding = 4; lastKnownFileType = sourcecode.c.h; path = stbi_pvr.h; sourceTree = "<group>"; };
		8C3502EB2378043A006B85A7 /* stbi_ext.h */ = {isa = PBXFileReference; fileEncoding = 4; lastKnownFileType = sourcecode.c.h; path = stbi_ext.h; sourceTree = "<group>"; };
		8C3502EC2378043A006B85A7 /* stb_image.h */ = {isa = PBXFileReference; fileEncoding = 4; lastKnownFileType = sourcecode.c.h; path = stb_image.h; sourceTree = "<group>"; };
		8C3502ED2378043A006B85A7 /* stbi_pvr_c.h */ = {isa = PBXFileReference; fileEncoding = 4; lastKnownFileType = sourcecode.c.h; path = stbi_pvr_c.h; sourceTree = "<group>"; };
		8C3502EE2378043A006B85A7 /* stbi_ext_c.h */ = {isa = PBXFileReference; fileEncoding = 4; lastKnownFileType = sourcecode.c.h; path = stbi_ext_c.h; sourceTree = "<group>"; };
		8C3502EF2378043A006B85A7 /* image_helper.h */ = {isa = PBXFileReference; fileEncoding = 4; lastKnownFileType = sourcecode.c.h; path = image_helper.h; sourceTree = "<group>"; };
		8C3502F02378043A006B85A7 /* SOIL2.h */ = {isa = PBXFileReference; fileEncoding = 4; lastKnownFileType = sourcecode.c.h; path = SOIL2.h; sourceTree = "<group>"; };
		8C3502F12378043A006B85A7 /* etc1_utils.c */ = {isa = PBXFileReference; fileEncoding = 4; lastKnownFileType = sourcecode.c.c; path = etc1_utils.c; sourceTree = "<group>"; };
		8C3502F22378043A006B85A7 /* image_DXT.h */ = {isa = PBXFileReference; fileEncoding = 4; lastKnownFileType = sourcecode.c.h; path = image_DXT.h; sourceTree = "<group>"; };
		8C3502F32378043A006B85A7 /* stbi_pkm_c.h */ = {isa = PBXFileReference; fileEncoding = 4; lastKnownFileType = sourcecode.c.h; path = stbi_pkm_c.h; sourceTree = "<group>"; };
		8C3502F42378043A006B85A7 /* stbi_DDS.h */ = {isa = PBXFileReference; fileEncoding = 4; lastKnownFileType = sourcecode.c.h; path = stbi_DDS.h; sourceTree = "<group>"; };
		8C3502F52378043A006B85A7 /* pvr_helper.h */ = {isa = PBXFileReference; fileEncoding = 4; lastKnownFileType = sourcecode.c.h; path = pvr_helper.h; sourceTree = "<group>"; };
		8C3502FC2378600B006B85A7 /* Camera.h */ = {isa = PBXFileReference; fileEncoding = 4; lastKnownFileType = sourcecode.c.h; path = Camera.h; sourceTree = "<group>"; };
/* End PBXFileReference section */

/* Begin PBXFrameworksBuildPhase section */
		55AD7A952339C5F200093D26 /* Frameworks */ = {
			isa = PBXFrameworksBuildPhase;
			buildActionMask = 2147483647;
			files = (
				8C35027A2373F442006B85A7 /* libglfw.3.3.dylib in Frameworks */,
				8C3502782373F42D006B85A7 /* libGLEW.2.1.0.dylib in Frameworks */,
				55AD7AA72339C79500093D26 /* OpenGL.framework in Frameworks */,
			);
			runOnlyForDeploymentPostprocessing = 0;
		};
/* End PBXFrameworksBuildPhase section */

/* Begin PBXGroup section */
		55AD7A8F2339C5F200093D26 = {
			isa = PBXGroup;
			children = (
				55AD7A9A2339C5F200093D26 /* 2019924 */,
				55AD7A992339C5F200093D26 /* Products */,
				55AD7AA52339C79500093D26 /* Frameworks */,
			);
			sourceTree = "<group>";
		};
		55AD7A992339C5F200093D26 /* Products */ = {
			isa = PBXGroup;
			children = (
				55AD7A982339C5F200093D26 /* 2019924 */,
			);
			name = Products;
			sourceTree = "<group>";
		};
		55AD7A9A2339C5F200093D26 /* 2019924 */ = {
			isa = PBXGroup;
			children = (
				8C3502E02378043A006B85A7 /* SOIL2 */,
				8C3502DE237803E3006B85A7 /* res */,
				55AD7A9B2339C5F200093D26 /* main.cpp */,
				8C3502FC2378600B006B85A7 /* Camera.h */,
				5556A1A0237A55AA00ECC0BE /* Mesh.h */,
				8C3502DF23780421006B85A7 /* Shader.h */,
				5556A19F237A4D7C00ECC0BE /* Light.h */,
			);
			path = 2019924;
			sourceTree = "<group>";
		};
		55AD7AA52339C79500093D26 /* Frameworks */ = {
			isa = PBXGroup;
			children = (
				8C3502792373F442006B85A7 /* libglfw.3.3.dylib */,
				8C3502752373F39E006B85A7 /* libGLEW.2.1.0.dylib */,
				8C3502732373F373006B85A7 /* Cellar */,
				55AD7AAA2339C7B500093D26 /* libGLEW.2.1.0.dylib */,
				55AD7AA82339C7A500093D26 /* libglfw.3.3.dylib */,
				55AD7AA62339C79500093D26 /* OpenGL.framework */,
			);
			name = Frameworks;
			sourceTree = "<group>";
		};
		8C3502E02378043A006B85A7 /* SOIL2 */ = {
			isa = PBXGroup;
			children = (
				8C3502E12378043A006B85A7 /* image_helper.c */,
				8C3502E22378043A006B85A7 /* stbi_pkm.h */,
				8C3502E32378043A006B85A7 /* jo_jpeg.h */,
				8C3502E42378043A006B85A7 /* image_DXT.c */,
				8C3502E52378043A006B85A7 /* etc1_utils.h */,
				8C3502E62378043A006B85A7 /* stb_image_write.h */,
				8C3502E72378043A006B85A7 /* SOIL2.c */,
				8C3502E82378043A006B85A7 /* pkm_helper.h */,
				8C3502E92378043A006B85A7 /* stbi_DDS_c.h */,
				8C3502EA2378043A006B85A7 /* stbi_pvr.h */,
				8C3502EB2378043A006B85A7 /* stbi_ext.h */,
				8C3502EC2378043A006B85A7 /* stb_image.h */,
				8C3502ED2378043A006B85A7 /* stbi_pvr_c.h */,
				8C3502EE2378043A006B85A7 /* stbi_ext_c.h */,
				8C3502EF2378043A006B85A7 /* image_helper.h */,
				8C3502F02378043A006B85A7 /* SOIL2.h */,
				8C3502F12378043A006B85A7 /* etc1_utils.c */,
				8C3502F22378043A006B85A7 /* image_DXT.h */,
				8C3502F32378043A006B85A7 /* stbi_pkm_c.h */,
				8C3502F42378043A006B85A7 /* stbi_DDS.h */,
				8C3502F52378043A006B85A7 /* pvr_helper.h */,
			);
			path = SOIL2;
			sourceTree = "<group>";
		};
/* End PBXGroup section */

/* Begin PBXNativeTarget section */
		55AD7A972339C5F200093D26 /* 2019924 */ = {
			isa = PBXNativeTarget;
			buildConfigurationList = 55AD7A9F2339C5F200093D26 /* Build configuration list for PBXNativeTarget "2019924" */;
			buildPhases = (
				55AD7A942339C5F200093D26 /* Sources */,
				55AD7A952339C5F200093D26 /* Frameworks */,
				8C3502812376AB82006B85A7 /* CopyFiles */,
				8C3502FA23780464006B85A7 /* CopyFiles */,
			);
			buildRules = (
			);
			dependencies = (
			);
			name = 2019924;
			productName = 2019924;
			productReference = 55AD7A982339C5F200093D26 /* 2019924 */;
			productType = "com.apple.product-type.tool";
		};
/* End PBXNativeTarget section */

/* Begin PBXProject section */
		55AD7A902339C5F200093D26 /* Project object */ = {
			isa = PBXProject;
			attributes = {
				LastUpgradeCheck = 1120;
				ORGANIZATIONNAME = Greenwood;
				TargetAttributes = {
					55AD7A972339C5F200093D26 = {
						CreatedOnToolsVersion = 10.3;
					};
				};
			};
			buildConfigurationList = 55AD7A932339C5F200093D26 /* Build configuration list for PBXProject "2019924" */;
			compatibilityVersion = "Xcode 9.3";
			developmentRegion = en;
			hasScannedForEncodings = 0;
			knownRegions = (
				en,
				Base,
			);
			mainGroup = 55AD7A8F2339C5F200093D26;
			productRefGroup = 55AD7A992339C5F200093D26 /* Products */;
			projectDirPath = "";
			projectRoot = "";
			targets = (
				55AD7A972339C5F200093D26 /* 2019924 */,
			);
		};
/* End PBXProject section */

/* Begin PBXSourcesBuildPhase section */
		55AD7A942339C5F200093D26 /* Sources */ = {
			isa = PBXSourcesBuildPhase;
			buildActionMask = 2147483647;
			files = (
				8C3502F92378043A006B85A7 /* etc1_utils.c in Sources */,
				55AD7A9C2339C5F200093D26 /* main.cpp in Sources */,
				8C3502F82378043A006B85A7 /* SOIL2.c in Sources */,
				8C3502F62378043A006B85A7 /* image_helper.c in Sources */,
				8C3502F72378043A006B85A7 /* image_DXT.c in Sources */,
			);
			runOnlyForDeploymentPostprocessing = 0;
		};
/* End PBXSourcesBuildPhase section */

/* Begin XCBuildConfiguration section */
		55AD7A9D2339C5F200093D26 /* Debug */ = {
			isa = XCBuildConfiguration;
			buildSettings = {
				ALWAYS_SEARCH_USER_PATHS = NO;
				CLANG_ANALYZER_NONNULL = YES;
				CLANG_ANALYZER_NUMBER_OBJECT_CONVERSION = YES_AGGRESSIVE;
				CLANG_CXX_LANGUAGE_STANDARD = "gnu++14";
				CLANG_CXX_LIBRARY = "libc++";
				CLANG_ENABLE_MODULES = YES;
				CLANG_ENABLE_OBJC_ARC = YES;
				CLANG_ENABLE_OBJC_WEAK = YES;
				CLANG_WARN_BLOCK_CAPTURE_AUTORELEASING = YES;
				CLANG_WARN_BOOL_CONVERSION = YES;
				CLANG_WARN_COMMA = YES;
				CLANG_WARN_CONSTANT_CONVERSION = YES;
				CLANG_WARN_DEPRECATED_OBJC_IMPLEMENTATIONS = YES;
				CLANG_WARN_DIRECT_OBJC_ISA_USAGE = YES_ERROR;
				CLANG_WARN_DOCUMENTATION_COMMENTS = YES;
				CLANG_WARN_EMPTY_BODY = YES;
				CLANG_WARN_ENUM_CONVERSION = YES;
				CLANG_WARN_INFINITE_RECURSION = YES;
				CLANG_WARN_INT_CONVERSION = YES;
				CLANG_WARN_NON_LITERAL_NULL_CONVERSION = YES;
				CLANG_WARN_OBJC_IMPLICIT_RETAIN_SELF = YES;
				CLANG_WARN_OBJC_LITERAL_CONVERSION = YES;
				CLANG_WARN_OBJC_ROOT_CLASS = YES_ERROR;
				CLANG_WARN_RANGE_LOOP_ANALYSIS = YES;
				CLANG_WARN_STRICT_PROTOTYPES = YES;
				CLANG_WARN_SUSPICIOUS_MOVE = YES;
				CLANG_WARN_UNGUARDED_AVAILABILITY = YES_AGGRESSIVE;
				CLANG_WARN_UNREACHABLE_CODE = YES;
				CLANG_WARN__DUPLICATE_METHOD_MATCH = YES;
				CODE_SIGN_IDENTITY = "-";
				COPY_PHASE_STRIP = NO;
				DEBUG_INFORMATION_FORMAT = dwarf;
				ENABLE_STRICT_OBJC_MSGSEND = YES;
				ENABLE_TESTABILITY = YES;
				FRAMEWORK_SEARCH_PATHS = /usr/local/include;
				GCC_C_LANGUAGE_STANDARD = gnu11;
				GCC_DYNAMIC_NO_PIC = NO;
				GCC_NO_COMMON_BLOCKS = YES;
				GCC_OPTIMIZATION_LEVEL = 0;
				GCC_PREPROCESSOR_DEFINITIONS = (
					"DEBUG=1",
					"$(inherited)",
				);
				GCC_WARN_64_TO_32_BIT_CONVERSION = YES;
				GCC_WARN_ABOUT_RETURN_TYPE = YES_ERROR;
				GCC_WARN_UNDECLARED_SELECTOR = YES;
				GCC_WARN_UNINITIALIZED_AUTOS = YES_AGGRESSIVE;
				GCC_WARN_UNUSED_FUNCTION = YES;
				GCC_WARN_UNUSED_VARIABLE = YES;
				MACOSX_DEPLOYMENT_TARGET = 10.14;
				MTL_ENABLE_DEBUG_INFO = INCLUDE_SOURCE;
				MTL_FAST_MATH = YES;
				ONLY_ACTIVE_ARCH = YES;
				SDKROOT = macosx;
			};
			name = Debug;
		};
		55AD7A9E2339C5F200093D26 /* Release */ = {
			isa = XCBuildConfiguration;
			buildSettings = {
				ALWAYS_SEARCH_USER_PATHS = NO;
				CLANG_ANALYZER_NONNULL = YES;
				CLANG_ANALYZER_NUMBER_OBJECT_CONVERSION = YES_AGGRESSIVE;
				CLANG_CXX_LANGUAGE_STANDARD = "gnu++14";
				CLANG_CXX_LIBRARY = "libc++";
				CLANG_ENABLE_MODULES = YES;
				CLANG_ENABLE_OBJC_ARC = YES;
				CLANG_ENABLE_OBJC_WEAK = YES;
				CLANG_WARN_BLOCK_CAPTURE_AUTORELEASING = YES;
				CLANG_WARN_BOOL_CONVERSION = YES;
				CLANG_WARN_COMMA = YES;
				CLANG_WARN_CONSTANT_CONVERSION = YES;
				CLANG_WARN_DEPRECATED_OBJC_IMPLEMENTATIONS = YES;
				CLANG_WARN_DIRECT_OBJC_ISA_USAGE = YES_ERROR;
				CLANG_WARN_DOCUMENTATION_COMMENTS = YES;
				CLANG_WARN_EMPTY_BODY = YES;
				CLANG_WARN_ENUM_CONVERSION = YES;
				CLANG_WARN_INFINITE_RECURSION = YES;
				CLANG_WARN_INT_CONVERSION = YES;
				CLANG_WARN_NON_LITERAL_NULL_CONVERSION = YES;
				CLANG_WARN_OBJC_IMPLICIT_RETAIN_SELF = YES;
				CLANG_WARN_OBJC_LITERAL_CONVERSION = YES;
				CLANG_WARN_OBJC_ROOT_CLASS = YES_ERROR;
				CLANG_WARN_RANGE_LOOP_ANALYSIS = YES;
				CLANG_WARN_STRICT_PROTOTYPES = YES;
				CLANG_WARN_SUSPICIOUS_MOVE = YES;
				CLANG_WARN_UNGUARDED_AVAILABILITY = YES_AGGRESSIVE;
				CLANG_WARN_UNREACHABLE_CODE = YES;
				CLANG_WARN__DUPLICATE_METHOD_MATCH = YES;
				CODE_SIGN_IDENTITY = "-";
				COPY_PHASE_STRIP = NO;
				DEBUG_INFORMATION_FORMAT = "dwarf-with-dsym";
				ENABLE_NS_ASSERTIONS = NO;
				ENABLE_STRICT_OBJC_MSGSEND = YES;
				FRAMEWORK_SEARCH_PATHS = /usr/local/include;
				GCC_C_LANGUAGE_STANDARD = gnu11;
				GCC_NO_COMMON_BLOCKS = YES;
				GCC_WARN_64_TO_32_BIT_CONVERSION = YES;
				GCC_WARN_ABOUT_RETURN_TYPE = YES_ERROR;
				GCC_WARN_UNDECLARED_SELECTOR = YES;
				GCC_WARN_UNINITIALIZED_AUTOS = YES_AGGRESSIVE;
				GCC_WARN_UNUSED_FUNCTION = YES;
				GCC_WARN_UNUSED_VARIABLE = YES;
				MACOSX_DEPLOYMENT_TARGET = 10.14;
				MTL_ENABLE_DEBUG_INFO = NO;
				MTL_FAST_MATH = YES;
				SDKROOT = macosx;
			};
			name = Release;
		};
		55AD7AA02339C5F200093D26 /* Debug */ = {
			isa = XCBuildConfiguration;
			buildSettings = {
				CODE_SIGN_IDENTITY = "-";
				CODE_SIGN_STYLE = Automatic;
				FRAMEWORK_SEARCH_PATHS = /usr/local/include;
				HEADER_SEARCH_PATHS = /usr/local/include;
				"HEADER_SEARCH_PATHS[arch=*]" = /usr/local/include;
				LIBRARY_SEARCH_PATHS = (
					"$(inherited)",
					/usr/local/Cellar/glfw/3.3/lib,
					/usr/local/Cellar/glew/2.1.0/lib,
					/usr/local/Cellar/assimp/4.1.0/lib,
				);
				PRODUCT_NAME = "$(TARGET_NAME)";
			};
			name = Debug;
		};
		55AD7AA12339C5F200093D26 /* Release */ = {
			isa = XCBuildConfiguration;
			buildSettings = {
				CODE_SIGN_IDENTITY = "-";
				CODE_SIGN_STYLE = Automatic;
				FRAMEWORK_SEARCH_PATHS = /usr/local/include;
				HEADER_SEARCH_PATHS = /usr/local/include;
				"HEADER_SEARCH_PATHS[arch=*]" = /usr/local/include;
				LIBRARY_SEARCH_PATHS = (
					"$(inherited)",
					/usr/local/Cellar/glfw/3.3/lib,
					/usr/local/Cellar/glew/2.1.0/lib,
					/usr/local/Cellar/assimp/4.1.0/lib,
				);
				PRODUCT_NAME = "$(TARGET_NAME)";
			};
			name = Release;
		};
/* End XCBuildConfiguration section */

/* Begin XCConfigurationList section */
		55AD7A932339C5F200093D26 /* Build configuration list for PBXProject "2019924" */ = {
			isa = XCConfigurationList;
			buildConfigurations = (
				55AD7A9D2339C5F200093D26 /* Debug */,
				55AD7A9E2339C5F200093D26 /* Release */,
			);
			defaultConfigurationIsVisible = 0;
			defaultConfigurationName = Release;
		};
		55AD7A9F2339C5F200093D26 /* Build configuration list for PBXNativeTarget "2019924" */ = {
			isa = XCConfigurationList;
			buildConfigurations = (
				55AD7AA02339C5F200093D26 /* Debug */,
				55AD7AA12339C5F200093D26 /* Release */,
			);
			defaultConfigurationIsVisible = 0;
			defaultConfigurationName = Release;
		};
/* End XCConfigurationList section */
	};
	rootObject = 55AD7A902339C5F200093D26 /* Project object */;
}
